
Microsoft Visual Studio Solution File, Format Version 12.00
# Visual Studio Version 17
VisualStudioVersion = 17.2.32616.157
MinimumVisualStudioVersion = 10.0.40219.1
Project("{54A90642-561A-4BB1-A94E-469ADEE60C69}") = "hackernews-app", "hackernews-app.esproj", "{5253228F-0B36-462A-9E52-6969B7EB3745}"
EndProject
Global
	GlobalSection(SolutionConfigurationPlatforms) = preSolution
		Debug|Any CPU = Debug|Any CPU
		Release|Any CPU = Release|Any CPU
	EndGlobalSection
	GlobalSection(ProjectConfigurationPlatforms) = postSolution
		{5253228F-0B36-462A-9E52-6969B7EB3745}.Debug|Any CPU.ActiveCfg = Debug|Any CPU
		{5253228F-0B36-462A-9E52-6969B7EB3745}.Debug|Any CPU.Build.0 = Debug|Any CPU
		{5253228F-0B36-462A-9E52-6969B7EB3745}.Debug|Any CPU.Deploy.0 = Debug|Any CPU
		{5253228F-0B36-462A-9E52-6969B7EB3745}.Release|Any CPU.ActiveCfg = Release|Any CPU
		{5253228F-0B36-462A-9E52-6969B7EB3745}.Release|Any CPU.Build.0 = Release|Any CPU
		{5253228F-0B36-462A-9E52-6969B7EB3745}.Release|Any CPU.Deploy.0 = Release|Any CPU
	EndGlobalSection
	GlobalSection(SolutionProperties) = preSolution
		HideSolutionNode = FALSE
	EndGlobalSection
	GlobalSection(ExtensibilityGlobals) = postSolution
		SolutionGuid = {D81AE289-25D1-449E-8C41-6AD537BAA219}
	EndGlobalSection
EndGlobal
